
Microsoft Visual Studio Solution File, Format Version 12.00
# Visual Studio Version 17
VisualStudioVersion = 17.4.33213.308
MinimumVisualStudioVersion = 10.0.40219.1
Project("{FAE04EC0-301F-11D3-BF4B-00C04F79EFBC}") = "Prog4", "Prog4\Prog4.csproj", "{DCD71DC6-8FA9-4162-B00C-04AFB206D265}"
EndProject
Global
	GlobalSection(SolutionConfigurationPlatforms) = preSolution
		Debug|Any CPU = Debug|Any CPU
		Release|Any CPU = Release|Any CPU
	EndGlobalSection
	GlobalSection(ProjectConfigurationPlatforms) = postSolution
		{DCD71DC6-8FA9-4162-B00C-04AFB206D265}.Debug|Any CPU.ActiveCfg = Debug|Any CPU
		{DCD71DC6-8FA9-4162-B00C-04AFB206D265}.Debug|Any CPU.Build.0 = Debug|Any CPU
		{DCD71DC6-8FA9-4162-B00C-04AFB206D265}.Release|Any CPU.ActiveCfg = Release|Any CPU
		{DCD71DC6-8FA9-4162-B00C-04AFB206D265}.Release|Any CPU.Build.0 = Release|Any CPU
	EndGlobalSection
	GlobalSection(SolutionProperties) = preSolution
		HideSolutionNode = FALSE
	EndGlobalSection
	GlobalSection(ExtensibilityGlobals) = postSolution
		SolutionGuid = {58C3E5E9-7F98-4673-A972-900E752594B6}
	EndGlobalSection
EndGlobal
